
Microsoft Visual Studio Solution File, Format Version 12.00
# Visual Studio Version 16
VisualStudioVersion = 16.0.33214.272
MinimumVisualStudioVersion = 10.0.40219.1
Project("{FAE04EC0-301F-11D3-BF4B-00C04F79EFBC}") = "CableTVAPI", "CableTVAPI\CableTVAPI.csproj", "{E1622739-C048-444A-B314-38BE67A5E9A7}"
EndProject
Project("{FAE04EC0-301F-11D3-BF4B-00C04F79EFBC}") = "CableTV", "CableTV\CableTV.csproj", "{C543DD1C-AD5D-4895-8A6C-5BED59130B07}"
EndProject
Global
	GlobalSection(SolutionConfigurationPlatforms) = preSolution
		Debug|Any CPU = Debug|Any CPU
		Release|Any CPU = Release|Any CPU
	EndGlobalSection
	GlobalSection(ProjectConfigurationPlatforms) = postSolution
		{E1622739-C048-444A-B314-38BE67A5E9A7}.Debug|Any CPU.ActiveCfg = Debug|Any CPU
		{E1622739-C048-444A-B314-38BE67A5E9A7}.Debug|Any CPU.Build.0 = Debug|Any CPU
		{E1622739-C048-444A-B314-38BE67A5E9A7}.Release|Any CPU.ActiveCfg = Release|Any CPU
		{E1622739-C048-444A-B314-38BE67A5E9A7}.Release|Any CPU.Build.0 = Release|Any CPU
		{C543DD1C-AD5D-4895-8A6C-5BED59130B07}.Debug|Any CPU.ActiveCfg = Debug|Any CPU
		{C543DD1C-AD5D-4895-8A6C-5BED59130B07}.Debug|Any CPU.Build.0 = Debug|Any CPU
		{C543DD1C-AD5D-4895-8A6C-5BED59130B07}.Release|Any CPU.ActiveCfg = Release|Any CPU
		{C543DD1C-AD5D-4895-8A6C-5BED59130B07}.Release|Any CPU.Build.0 = Release|Any CPU
	EndGlobalSection
	GlobalSection(SolutionProperties) = preSolution
		HideSolutionNode = FALSE
	EndGlobalSection
	GlobalSection(ExtensibilityGlobals) = postSolution
		SolutionGuid = {82BC750D-791F-4DE5-AE3E-1A378CDF95FB}
	EndGlobalSection
EndGlobal
